// !$*UTF8*$!
{
	archiveVersion = 1;
	classes = {
	};
	objectVersion = 46;
	objects = {

/* Begin PBXBuildFile section */
		4D83483A19C173AD00D5347C /* Foundation.framework in Frameworks */ = {isa = PBXBuildFile; fileRef = 4D83483919C173AD00D5347C /* Foundation.framework */; };
		4D83483C19C173AD00D5347C /* CoreGraphics.framework in Frameworks */ = {isa = PBXBuildFile; fileRef = 4D83483B19C173AD00D5347C /* CoreGraphics.framework */; };
		4D83483E19C173AD00D5347C /* UIKit.framework in Frameworks */ = {isa = PBXBuildFile; fileRef = 4D83483D19C173AD00D5347C /* UIKit.framework */; };
		4D83484419C173AD00D5347C /* InfoPlist.strings in Resources */ = {isa = PBXBuildFile; fileRef = 4D83484219C173AD00D5347C /* InfoPlist.strings */; };
		4D83484619C173AD00D5347C /* main.m in Sources */ = {isa = PBXBuildFile; fileRef = 4D83484519C173AD00D5347C /* main.m */; };
		4D83484A19C173AD00D5347C /* AppDelegate.m in Sources */ = {isa = PBXBuildFile; fileRef = 4D83484919C173AD00D5347C /* AppDelegate.m */; };
		4D83484D19C173AD00D5347C /* Main.storyboard in Resources */ = {isa = PBXBuildFile; fileRef = 4D83484B19C173AD00D5347C /* Main.storyboard */; };
		4D83485019C173AD00D5347C /* ViewController.m in Sources */ = {isa = PBXBuildFile; fileRef = 4D83484F19C173AD00D5347C /* ViewController.m */; };
		4D83485219C173AD00D5347C /* Images.xcassets in Resources */ = {isa = PBXBuildFile; fileRef = 4D83485119C173AD00D5347C /* Images.xcassets */; };
		4D83485919C173AD00D5347C /* XCTest.framework in Frameworks */ = {isa = PBXBuildFile; fileRef = 4D83485819C173AD00D5347C /* XCTest.framework */; };
		4D83485A19C173AD00D5347C /* Foundation.framework in Frameworks */ = {isa = PBXBuildFile; fileRef = 4D83483919C173AD00D5347C /* Foundation.framework */; };
		4D83485B19C173AD00D5347C /* UIKit.framework in Frameworks */ = {isa = PBXBuildFile; fileRef = 4D83483D19C173AD00D5347C /* UIKit.framework */; };
		4D83486319C173AD00D5347C /* InfoPlist.strings in Resources */ = {isa = PBXBuildFile; fileRef = 4D83486119C173AD00D5347C /* InfoPlist.strings */; };
		4D83486519C173AD00D5347C /* UIImageView_UtilsDemoTests.m in Sources */ = {isa = PBXBuildFile; fileRef = 4D83486419C173AD00D5347C /* UIImageView_UtilsDemoTests.m */; };
		4D83487119C1742100D5347C /* UIImageView+Utils.m in Sources */ = {isa = PBXBuildFile; fileRef = 4D83487019C1742100D5347C /* UIImageView+Utils.m */; };
		4D83487319C1752500D5347C /* cheetah1136.png in Resources */ = {isa = PBXBuildFile; fileRef = 4D83487219C1752500D5347C /* cheetah1136.png */; };
		C0AA7F8A18404C50B75446E5 /* libPods.a in Frameworks */ = {isa = PBXBuildFile; fileRef = D76786C4BB2D4054B10A9D22 /* libPods.a */; };
/* End PBXBuildFile section */

/* Begin PBXContainerItemProxy section */
		4D83485C19C173AD00D5347C /* PBXContainerItemProxy */ = {
			isa = PBXContainerItemProxy;
			containerPortal = 4D83482E19C173AD00D5347C /* Project object */;
			proxyType = 1;
			remoteGlobalIDString = 4D83483519C173AD00D5347C;
			remoteInfo = "UIImageView+UtilsDemo";
		};
/* End PBXContainerItemProxy section */

/* Begin PBXFileReference section */
		0125A3613E69482D90F27C16 /* Pods.xcconfig */ = {isa = PBXFileReference; includeInIndex = 1; lastKnownFileType = text.xcconfig; name = Pods.xcconfig; path = Pods/Pods.xcconfig; sourceTree = "<group>"; };
		4D83483619C173AD00D5347C /* UIImageView+UtilsDemo.app */ = {isa = PBXFileReference; explicitFileType = wrapper.application; includeInIndex = 0; path = "UIImageView+UtilsDemo.app"; sourceTree = BUILT_PRODUCTS_DIR; };
		4D83483919C173AD00D5347C /* Foundation.framework */ = {isa = PBXFileReference; lastKnownFileType = wrapper.framework; name = Foundation.framework; path = System/Library/Frameworks/Foundation.framework; sourceTree = SDKROOT; };
		4D83483B19C173AD00D5347C /* CoreGraphics.framework */ = {isa = PBXFileReference; lastKnownFileType = wrapper.framework; name = CoreGraphics.framework; path = System/Library/Frameworks/CoreGraphics.framework; sourceTree = SDKROOT; };
		4D83483D19C173AD00D5347C /* UIKit.framework */ = {isa = PBXFileReference; lastKnownFileType = wrapper.framework; name = UIKit.framework; path = System/Library/Frameworks/UIKit.framework; sourceTree = SDKROOT; };
		4D83484119C173AD00D5347C /* UIImageView+UtilsDemo-Info.plist */ = {isa = PBXFileReference; lastKnownFileType = text.plist.xml; path = "UIImageView+UtilsDemo-Info.plist"; sourceTree = "<group>"; };
		4D83484319C173AD00D5347C /* en */ = {isa = PBXFileReference; lastKnownFileType = text.plist.strings; name = en; path = en.lproj/InfoPlist.strings; sourceTree = "<group>"; };
		4D83484519C173AD00D5347C /* main.m */ = {isa = PBXFileReference; lastKnownFileType = sourcecode.c.objc; path = main.m; sourceTree = "<group>"; };
		4D83484719C173AD00D5347C /* UIImageView+UtilsDemo-Prefix.pch */ = {isa = PBXFileReference; lastKnownFileType = sourcecode.c.h; path = "UIImageView+UtilsDemo-Prefix.pch"; sourceTree = "<group>"; };
		4D83484819C173AD00D5347C /* AppDelegate.h */ = {isa = PBXFileReference; lastKnownFileType = sourcecode.c.h; path = AppDelegate.h; sourceTree = "<group>"; };
		4D83484919C173AD00D5347C /* AppDelegate.m */ = {isa = PBXFileReference; lastKnownFileType = sourcecode.c.objc; path = AppDelegate.m; sourceTree = "<group>"; };
		4D83484C19C173AD00D5347C /* Base */ = {isa = PBXFileReference; lastKnownFileType = file.storyboard; name = Base; path = Base.lproj/Main.storyboard; sourceTree = "<group>"; };
		4D83484E19C173AD00D5347C /* ViewController.h */ = {isa = PBXFileReference; lastKnownFileType = sourcecode.c.h; path = ViewController.h; sourceTree = "<group>"; };
		4D83484F19C173AD00D5347C /* ViewController.m */ = {isa = PBXFileReference; lastKnownFileType = sourcecode.c.objc; path = ViewController.m; sourceTree = "<group>"; };
		4D83485119C173AD00D5347C /* Images.xcassets */ = {isa = PBXFileReference; lastKnownFileType = folder.assetcatalog; path = Images.xcassets; sourceTree = "<group>"; };
		4D83485719C173AD00D5347C /* UIImageView+UtilsDemoTests.xctest */ = {isa = PBXFileReference; explicitFileType = wrapper.cfbundle; includeInIndex = 0; path = "UIImageView+UtilsDemoTests.xctest"; sourceTree = BUILT_PRODUCTS_DIR; };
		4D83485819C173AD00D5347C /* XCTest.framework */ = {isa = PBXFileReference; lastKnownFileType = wrapper.framework; name = XCTest.framework; path = Library/Frameworks/XCTest.framework; sourceTree = DEVELOPER_DIR; };
		4D83486019C173AD00D5347C /* UIImageView+UtilsDemoTests-Info.plist */ = {isa = PBXFileReference; lastKnownFileType = text.plist.xml; path = "UIImageView+UtilsDemoTests-Info.plist"; sourceTree = "<group>"; };
		4D83486219C173AD00D5347C /* en */ = {isa = PBXFileReference; lastKnownFileType = text.plist.strings; name = en; path = en.lproj/InfoPlist.strings; sourceTree = "<group>"; };
		4D83486419C173AD00D5347C /* UIImageView_UtilsDemoTests.m */ = {isa = PBXFileReference; lastKnownFileType = sourcecode.c.objc; path = UIImageView_UtilsDemoTests.m; sourceTree = "<group>"; };
		4D83486F19C1742100D5347C /* UIImageView+Utils.h */ = {isa = PBXFileReference; fileEncoding = 4; lastKnownFileType = sourcecode.c.h; path = "UIImageView+Utils.h"; sourceTree = "<group>"; };
		4D83487019C1742100D5347C /* UIImageView+Utils.m */ = {isa = PBXFileReference; fileEncoding = 4; lastKnownFileType = sourcecode.c.objc; path = "UIImageView+Utils.m"; sourceTree = "<group>"; wrapsLines = 0; };
		4D83487219C1752500D5347C /* cheetah1136.png */ = {isa = PBXFileReference; lastKnownFileType = image.png; path = cheetah1136.png; sourceTree = "<group>"; };
		D76786C4BB2D4054B10A9D22 /* libPods.a */ = {isa = PBXFileReference; explicitFileType = archive.ar; includeInIndex = 0; path = libPods.a; sourceTree = BUILT_PRODUCTS_DIR; };
/* End PBXFileReference section */

/* Begin PBXFrameworksBuildPhase section */
		4D83483319C173AD00D5347C /* Frameworks */ = {
			isa = PBXFrameworksBuildPhase;
			buildActionMask = 2147483647;
			files = (
				4D83483C19C173AD00D5347C /* CoreGraphics.framework in Frameworks */,
				4D83483E19C173AD00D5347C /* UIKit.framework in Frameworks */,
				4D83483A19C173AD00D5347C /* Foundation.framework in Frameworks */,
				C0AA7F8A18404C50B75446E5 /* libPods.a in Frameworks */,
			);
			runOnlyForDeploymentPostprocessing = 0;
		};
		4D83485419C173AD00D5347C /* Frameworks */ = {
			isa = PBXFrameworksBuildPhase;
			buildActionMask = 2147483647;
			files = (
				4D83485919C173AD00D5347C /* XCTest.framework in Frameworks */,
				4D83485B19C173AD00D5347C /* UIKit.framework in Frameworks */,
				4D83485A19C173AD00D5347C /* Foundation.framework in Frameworks */,
			);
			runOnlyForDeploymentPostprocessing = 0;
		};
/* End PBXFrameworksBuildPhase section */

/* Begin PBXGroup section */
		4D83482D19C173AD00D5347C = {
			isa = PBXGroup;
			children = (
				4D83486E19C1740A00D5347C /* UIImageView+Utils */,
				4D83483F19C173AD00D5347C /* UIImageView+UtilsDemo */,
				4D83485E19C173AD00D5347C /* UIImageView+UtilsDemoTests */,
				4D83483819C173AD00D5347C /* Frameworks */,
				4D83483719C173AD00D5347C /* Products */,
				0125A3613E69482D90F27C16 /* Pods.xcconfig */,
			);
			sourceTree = "<group>";
		};
		4D83483719C173AD00D5347C /* Products */ = {
			isa = PBXGroup;
			children = (
				4D83483619C173AD00D5347C /* UIImageView+UtilsDemo.app */,
				4D83485719C173AD00D5347C /* UIImageView+UtilsDemoTests.xctest */,
			);
			name = Products;
			sourceTree = "<group>";
		};
		4D83483819C173AD00D5347C /* Frameworks */ = {
			isa = PBXGroup;
			children = (
				4D83483919C173AD00D5347C /* Foundation.framework */,
				4D83483B19C173AD00D5347C /* CoreGraphics.framework */,
				4D83483D19C173AD00D5347C /* UIKit.framework */,
				4D83485819C173AD00D5347C /* XCTest.framework */,
				D76786C4BB2D4054B10A9D22 /* libPods.a */,
			);
			name = Frameworks;
			sourceTree = "<group>";
		};
		4D83483F19C173AD00D5347C /* UIImageView+UtilsDemo */ = {
			isa = PBXGroup;
			children = (
				4D83484819C173AD00D5347C /* AppDelegate.h */,
				4D83484919C173AD00D5347C /* AppDelegate.m */,
				4D83487219C1752500D5347C /* cheetah1136.png */,
				4D83484B19C173AD00D5347C /* Main.storyboard */,
				4D83484E19C173AD00D5347C /* ViewController.h */,
				4D83484F19C173AD00D5347C /* ViewController.m */,
				4D83485119C173AD00D5347C /* Images.xcassets */,
				4D83484019C173AD00D5347C /* Supporting Files */,
			);
			path = "UIImageView+UtilsDemo";
			sourceTree = "<group>";
		};
		4D83484019C173AD00D5347C /* Supporting Files */ = {
			isa = PBXGroup;
			children = (
				4D83484119C173AD00D5347C /* UIImageView+UtilsDemo-Info.plist */,
				4D83484219C173AD00D5347C /* InfoPlist.strings */,
				4D83484519C173AD00D5347C /* main.m */,
				4D83484719C173AD00D5347C /* UIImageView+UtilsDemo-Prefix.pch */,
			);
			name = "Supporting Files";
			sourceTree = "<group>";
		};
		4D83485E19C173AD00D5347C /* UIImageView+UtilsDemoTests */ = {
			isa = PBXGroup;
			children = (
				4D83486419C173AD00D5347C /* UIImageView_UtilsDemoTests.m */,
				4D83485F19C173AD00D5347C /* Supporting Files */,
			);
			path = "UIImageView+UtilsDemoTests";
			sourceTree = "<group>";
		};
		4D83485F19C173AD00D5347C /* Supporting Files */ = {
			isa = PBXGroup;
			children = (
				4D83486019C173AD00D5347C /* UIImageView+UtilsDemoTests-Info.plist */,
				4D83486119C173AD00D5347C /* InfoPlist.strings */,
			);
			name = "Supporting Files";
			sourceTree = "<group>";
		};
		4D83486E19C1740A00D5347C /* UIImageView+Utils */ = {
			isa = PBXGroup;
			children = (
				4D83486F19C1742100D5347C /* UIImageView+Utils.h */,
				4D83487019C1742100D5347C /* UIImageView+Utils.m */,
			);
			name = "UIImageView+Utils";
			path = "UIimageView+Utils";
			sourceTree = "<group>";
		};
/* End PBXGroup section */

/* Begin PBXNativeTarget section */
		4D83483519C173AD00D5347C /* UIImageView+UtilsDemo */ = {
			isa = PBXNativeTarget;
			buildConfigurationList = 4D83486819C173AD00D5347C /* Build configuration list for PBXNativeTarget "UIImageView+UtilsDemo" */;
			buildPhases = (
				DA8445AF294843BDA638B064 /* Check Pods Manifest.lock */,
				4D83483219C173AD00D5347C /* Sources */,
				4D83483319C173AD00D5347C /* Frameworks */,
				4D83483419C173AD00D5347C /* Resources */,
				9A2878E28F19486A996CA900 /* Copy Pods Resources */,
			);
			buildRules = (
			);
			dependencies = (
			);
			name = "UIImageView+UtilsDemo";
			productName = "UIImageView+UtilsDemo";
			productReference = 4D83483619C173AD00D5347C /* UIImageView+UtilsDemo.app */;
			productType = "com.apple.product-type.application";
		};
		4D83485619C173AD00D5347C /* UIImageView+UtilsDemoTests */ = {
			isa = PBXNativeTarget;
			buildConfigurationList = 4D83486B19C173AD00D5347C /* Build configuration list for PBXNativeTarget "UIImageView+UtilsDemoTests" */;
			buildPhases = (
				4D83485319C173AD00D5347C /* Sources */,
				4D83485419C173AD00D5347C /* Frameworks */,
				4D83485519C173AD00D5347C /* Resources */,
			);
			buildRules = (
			);
			dependencies = (
				4D83485D19C173AD00D5347C /* PBXTargetDependency */,
			);
			name = "UIImageView+UtilsDemoTests";
			productName = "UIImageView+UtilsDemoTests";
			productReference = 4D83485719C173AD00D5347C /* UIImageView+UtilsDemoTests.xctest */;
			productType = "com.apple.product-type.bundle.unit-test";
		};
/* End PBXNativeTarget section */

/* Begin PBXProject section */
		4D83482E19C173AD00D5347C /* Project object */ = {
			isa = PBXProject;
			attributes = {
				LastUpgradeCheck = 0510;
				ORGANIZATIONNAME = noughts;
				TargetAttributes = {
					4D83485619C173AD00D5347C = {
						TestTargetID = 4D83483519C173AD00D5347C;
					};
				};
			};
			buildConfigurationList = 4D83483119C173AD00D5347C /* Build configuration list for PBXProject "UIImageView+UtilsDemo" */;
			compatibilityVersion = "Xcode 3.2";
			developmentRegion = English;
			hasScannedForEncodings = 0;
			knownRegions = (
				en,
				Base,
			);
			mainGroup = 4D83482D19C173AD00D5347C;
			productRefGroup = 4D83483719C173AD00D5347C /* Products */;
			projectDirPath = "";
			projectRoot = "";
			targets = (
				4D83483519C173AD00D5347C /* UIImageView+UtilsDemo */,
				4D83485619C173AD00D5347C /* UIImageView+UtilsDemoTests */,
			);
		};
/* End PBXProject section */

/* Begin PBXResourcesBuildPhase section */
		4D83483419C173AD00D5347C /* Resources */ = {
			isa = PBXResourcesBuildPhase;
			buildActionMask = 2147483647;
			files = (
				4D83485219C173AD00D5347C /* Images.xcassets in Resources */,
				4D83484419C173AD00D5347C /* InfoPlist.strings in Resources */,
				4D83484D19C173AD00D5347C /* Main.storyboard in Resources */,
				4D83487319C1752500D5347C /* cheetah1136.png in Resources */,
			);
			runOnlyForDeploymentPostprocessing = 0;
		};
		4D83485519C173AD00D5347C /* Resources */ = {
			isa = PBXResourcesBuildPhase;
			buildActionMask = 2147483647;
			files = (
				4D83486319C173AD00D5347C /* InfoPlist.strings in Resources */,
			);
			runOnlyForDeploymentPostprocessing = 0;
		};
/* End PBXResourcesBuildPhase section */

/* Begin PBXShellScriptBuildPhase section */
		9A2878E28F19486A996CA900 /* Copy Pods Resources */ = {
			isa = PBXShellScriptBuildPhase;
			buildActionMask = 2147483647;
			files = (
			);
			inputPaths = (
			);
			name = "Copy Pods Resources";
			outputPaths = (
			);
			runOnlyForDeploymentPostprocessing = 0;
			shellPath = /bin/sh;
			shellScript = "\"${SRCROOT}/Pods/Pods-resources.sh\"\n";
			showEnvVarsInLog = 0;
		};
		DA8445AF294843BDA638B064 /* Check Pods Manifest.lock */ = {
			isa = PBXShellScriptBuildPhase;
			buildActionMask = 2147483647;
			files = (
			);
			inputPaths = (
			);
			name = "Check Pods Manifest.lock";
			outputPaths = (
			);
			runOnlyForDeploymentPostprocessing = 0;
			shellPath = /bin/sh;
			shellScript = "diff \"${PODS_ROOT}/../Podfile.lock\" \"${PODS_ROOT}/Manifest.lock\" > /dev/null\nif [[ $? != 0 ]] ; then\n    cat << EOM\nerror: The sandbox is not in sync with the Podfile.lock. Run 'pod install' or update your CocoaPods installation.\nEOM\n    exit 1\nfi\n";
			showEnvVarsInLog = 0;
		};
/* End PBXShellScriptBuildPhase section */

/* Begin PBXSourcesBuildPhase section */
		4D83483219C173AD00D5347C /* Sources */ = {
			isa = PBXSourcesBuildPhase;
			buildActionMask = 2147483647;
			files = (
				4D83485019C173AD00D5347C /* ViewController.m in Sources */,
				4D83484A19C173AD00D5347C /* AppDelegate.m in Sources */,
				4D83487119C1742100D5347C /* UIImageView+Utils.m in Sources */,
				4D83484619C173AD00D5347C /* main.m in Sources */,
			);
			runOnlyForDeploymentPostprocessing = 0;
		};
		4D83485319C173AD00D5347C /* Sources */ = {
			isa = PBXSourcesBuildPhase;
			buildActionMask = 2147483647;
			files = (
				4D83486519C173AD00D5347C /* UIImageView_UtilsDemoTests.m in Sources */,
			);
			runOnlyForDeploymentPostprocessing = 0;
		};
/* End PBXSourcesBuildPhase section */

/* Begin PBXTargetDependency section */
		4D83485D19C173AD00D5347C /* PBXTargetDependency */ = {
			isa = PBXTargetDependency;
			target = 4D83483519C173AD00D5347C /* UIImageView+UtilsDemo */;
			targetProxy = 4D83485C19C173AD00D5347C /* PBXContainerItemProxy */;
		};
/* End PBXTargetDependency section */

/* Begin PBXVariantGroup section */
		4D83484219C173AD00D5347C /* InfoPlist.strings */ = {
			isa = PBXVariantGroup;
			children = (
				4D83484319C173AD00D5347C /* en */,
			);
			name = InfoPlist.strings;
			sourceTree = "<group>";
		};
		4D83484B19C173AD00D5347C /* Main.storyboard */ = {
			isa = PBXVariantGroup;
			children = (
				4D83484C19C173AD00D5347C /* Base */,
			);
			name = Main.storyboard;
			sourceTree = "<group>";
		};
		4D83486119C173AD00D5347C /* InfoPlist.strings */ = {
			isa = PBXVariantGroup;
			children = (
				4D83486219C173AD00D5347C /* en */,
			);
			name = InfoPlist.strings;
			sourceTree = "<group>";
		};
/* End PBXVariantGroup section */

/* Begin XCBuildConfiguration section */
		4D83486619C173AD00D5347C /* Debug */ = {
			isa = XCBuildConfiguration;
			buildSettings = {
				ALWAYS_SEARCH_USER_PATHS = NO;
				CLANG_CXX_LANGUAGE_STANDARD = "gnu++0x";
				CLANG_CXX_LIBRARY = "libc++";
				CLANG_ENABLE_MODULES = YES;
				CLANG_ENABLE_OBJC_ARC = YES;
				CLANG_WARN_BOOL_CONVERSION = YES;
				CLANG_WARN_CONSTANT_CONVERSION = YES;
				CLANG_WARN_DIRECT_OBJC_ISA_USAGE = YES_ERROR;
				CLANG_WARN_EMPTY_BODY = YES;
				CLANG_WARN_ENUM_CONVERSION = YES;
				CLANG_WARN_INT_CONVERSION = YES;
				CLANG_WARN_OBJC_ROOT_CLASS = YES_ERROR;
				CLANG_WARN__DUPLICATE_METHOD_MATCH = YES;
				"CODE_SIGN_IDENTITY[sdk=iphoneos*]" = "iPhone Developer";
				COPY_PHASE_STRIP = NO;
				GCC_C_LANGUAGE_STANDARD = gnu99;
				GCC_DYNAMIC_NO_PIC = NO;
				GCC_OPTIMIZATION_LEVEL = 0;
				GCC_PREPROCESSOR_DEFINITIONS = (
					"DEBUG=1",
					"$(inherited)",
				);
				GCC_SYMBOLS_PRIVATE_EXTERN = NO;
				GCC_WARN_64_TO_32_BIT_CONVERSION = YES;
				GCC_WARN_ABOUT_RETURN_TYPE = YES_ERROR;
				GCC_WARN_UNDECLARED_SELECTOR = YES;
				GCC_WARN_UNINITIALIZED_AUTOS = YES_AGGRESSIVE;
				GCC_WARN_UNUSED_FUNCTION = YES;
				GCC_WARN_UNUSED_VARIABLE = YES;
				IPHONEOS_DEPLOYMENT_TARGET = 7.1;
				ONLY_ACTIVE_ARCH = YES;
				SDKROOT = iphoneos;
			};
			name = Debug;
		};
		4D83486719C173AD00D5347C /* Release */ = {
			isa = XCBuildConfiguration;
			buildSettings = {
				ALWAYS_SEARCH_USER_PATHS = NO;
				CLANG_CXX_LANGUAGE_STANDARD = "gnu++0x";
				CLANG_CXX_LIBRARY = "libc++";
				CLANG_ENABLE_MODULES = YES;
				CLANG_ENABLE_OBJC_ARC = YES;
				CLANG_WARN_BOOL_CONVERSION = YES;
				CLANG_WARN_CONSTANT_CONVERSION = YES;
				CLANG_WARN_DIRECT_OBJC_ISA_USAGE = YES_ERROR;
				CLANG_WARN_EMPTY_BODY = YES;
				CLANG_WARN_ENUM_CONVERSION = YES;
				CLANG_WARN_INT_CONVERSION = YES;
				CLANG_WARN_OBJC_ROOT_CLASS = YES_ERROR;
				CLANG_WARN__DUPLICATE_METHOD_MATCH = YES;
				"CODE_SIGN_IDENTITY[sdk=iphoneos*]" = "iPhone Developer";
				COPY_PHASE_STRIP = YES;
				ENABLE_NS_ASSERTIONS = NO;
				GCC_C_LANGUAGE_STANDARD = gnu99;
				GCC_WARN_64_TO_32_BIT_CONVERSION = YES;
				GCC_WARN_ABOUT_RETURN_TYPE = YES_ERROR;
				GCC_WARN_UNDECLARED_SELECTOR = YES;
				GCC_WARN_UNINITIALIZED_AUTOS = YES_AGGRESSIVE;
				GCC_WARN_UNUSED_FUNCTION = YES;
				GCC_WARN_UNUSED_VARIABLE = YES;
				IPHONEOS_DEPLOYMENT_TARGET = 7.1;
				SDKROOT = iphoneos;
				VALIDATE_PRODUCT = YES;
			};
			name = Release;
		};
		4D83486919C173AD00D5347C /* Debug */ = {
			isa = XCBuildConfiguration;
			baseConfigurationReference = 0125A3613E69482D90F27C16 /* Pods.xcconfig */;
			buildSettings = {
				ASSETCATALOG_COMPILER_APPICON_NAME = AppIcon;
				ASSETCATALOG_COMPILER_LAUNCHIMAGE_NAME = LaunchImage;
				GCC_PRECOMPILE_PREFIX_HEADER = YES;
				GCC_PREFIX_HEADER = "UIImageView+UtilsDemo/UIImageView+UtilsDemo-Prefix.pch";
				INFOPLIST_FILE = "UIImageView+UtilsDemo/UIImageView+UtilsDemo-Info.plist";
				PRODUCT_NAME = "$(TARGET_NAME)";
				WRAPPER_EXTENSION = app;
			};
			name = Debug;
		};
		4D83486A19C173AD00D5347C /* Release */ = {
			isa = XCBuildConfiguration;
			baseConfigurationReference = 0125A3613E69482D90F27C16 /* Pods.xcconfig */;
			buildSettings = {
				ASSETCATALOG_COMPILER_APPICON_NAME = AppIcon;
				ASSETCATALOG_COMPILER_LAUNCHIMAGE_NAME = LaunchImage;
				GCC_PRECOMPILE_PREFIX_HEADER = YES;
				GCC_PREFIX_HEADER = "UIImageView+UtilsDemo/UIImageView+UtilsDemo-Prefix.pch";
				INFOPLIST_FILE = "UIImageView+UtilsDemo/UIImageView+UtilsDemo-Info.plist";
				PRODUCT_NAME = "$(TARGET_NAME)";
				WRAPPER_EXTENSION = app;
			};
			name = Release;
		};
		4D83486C19C173AD00D5347C /* Debug */ = {
			isa = XCBuildConfiguration;
			buildSettings = {
				BUNDLE_LOADER = "$(BUILT_PRODUCTS_DIR)/UIImageView+UtilsDemo.app/UIImageView+UtilsDemo";
				FRAMEWORK_SEARCH_PATHS = (
					"$(SDKROOT)/Developer/Library/Frameworks",
					"$(inherited)",
					"$(DEVELOPER_FRAMEWORKS_DIR)",
				);
				GCC_PRECOMPILE_PREFIX_HEADER = YES;
				GCC_PREFIX_HEADER = "UIImageView+UtilsDemo/UIImageView+UtilsDemo-Prefix.pch";
				GCC_PREPROCESSOR_DEFINITIONS = (
					"DEBUG=1",
					"$(inherited)",
				);
				INFOPLIST_FILE = "UIImageView+UtilsDemoTests/UIImageView+UtilsDemoTests-Info.plist";
				PRODUCT_NAME = "$(TARGET_NAME)";
				TEST_HOST = "$(BUNDLE_LOADER)";
				WRAPPER_EXTENSION = xctest;
			};
			name = Debug;
		};
		4D83486D19C173AD00D5347C /* Release */ = {
			isa = XCBuildConfiguration;
			buildSettings = {
				BUNDLE_LOADER = "$(BUILT_PRODUCTS_DIR)/UIImageView+UtilsDemo.app/UIImageView+UtilsDemo";
				FRAMEWORK_SEARCH_PATHS = (
					"$(SDKROOT)/Developer/Library/Frameworks",
					"$(inherited)",
					"$(DEVELOPER_FRAMEWORKS_DIR)",
				);
				GCC_PRECOMPILE_PREFIX_HEADER = YES;
				GCC_PREFIX_HEADER = "UIImageView+UtilsDemo/UIImageView+UtilsDemo-Prefix.pch";
				INFOPLIST_FILE = "UIImageView+UtilsDemoTests/UIImageView+UtilsDemoTests-Info.plist";
				PRODUCT_NAME = "$(TARGET_NAME)";
				TEST_HOST = "$(BUNDLE_LOADER)";
				WRAPPER_EXTENSION = xctest;
			};
			name = Release;
		};
/* End XCBuildConfiguration section */

/* Begin XCConfigurationList section */
		4D83483119C173AD00D5347C /* Build configuration list for PBXProject "UIImageView+UtilsDemo" */ = {
			isa = XCConfigurationList;
			buildConfigurations = (
				4D83486619C173AD00D5347C /* Debug */,
				4D83486719C173AD00D5347C /* Release */,
			);
			defaultConfigurationIsVisible = 0;
			defaultConfigurationName = Release;
		};
		4D83486819C173AD00D5347C /* Build configuration list for PBXNativeTarget "UIImageView+UtilsDemo" */ = {
			isa = XCConfigurationList;
			buildConfigurations = (
				4D83486919C173AD00D5347C /* Debug */,
				4D83486A19C173AD00D5347C /* Release */,
			);
			defaultConfigurationIsVisible = 0;
			defaultConfigurationName = Release;
		};
		4D83486B19C173AD00D5347C /* Build configuration list for PBXNativeTarget "UIImageView+UtilsDemoTests" */ = {
			isa = XCConfigurationList;
			buildConfigurations = (
				4D83486C19C173AD00D5347C /* Debug */,
				4D83486D19C173AD00D5347C /* Release */,
			);
			defaultConfigurationIsVisible = 0;
			defaultConfigurationName = Release;
		};
/* End XCConfigurationList section */
	};
	rootObject = 4D83482E19C173AD00D5347C /* Project object */;
}
